// !$*UTF8*$!
{
	archiveVersion = 1;
	classes = {
	};
	objectVersion = 46;
	objects = {

/* Begin PBXBuildFile section */
		2B9E6DF21EB5E95600707675 /* AppDelegate.swift in Sources */ = {isa = PBXBuildFile; fileRef = 2B9E6DF11EB5E95600707675 /* AppDelegate.swift */; };
		2B9E6DF41EB5E95600707675 /* ViewController.swift in Sources */ = {isa = PBXBuildFile; fileRef = 2B9E6DF31EB5E95600707675 /* ViewController.swift */; };
		2B9E6DF71EB5E95600707675 /* Main.storyboard in Resources */ = {isa = PBXBuildFile; fileRef = 2B9E6DF51EB5E95600707675 /* Main.storyboard */; };
		2B9E6DF91EB5E95600707675 /* Assets.xcassets in Resources */ = {isa = PBXBuildFile; fileRef = 2B9E6DF81EB5E95600707675 /* Assets.xcassets */; };
		2B9E6DFC1EB5E95600707675 /* LaunchScreen.storyboard in Resources */ = {isa = PBXBuildFile; fileRef = 2B9E6DFA1EB5E95600707675 /* LaunchScreen.storyboard */; };
		2B9E6E041EB5F0F400707675 /* MeteoCityController.swift in Sources */ = {isa = PBXBuildFile; fileRef = 2B9E6E031EB5F0F400707675 /* MeteoCityController.swift */; };
/* End PBXBuildFile section */

/* Begin PBXFileReference section */
		2B9E6DEE1EB5E95600707675 /* MeteoApp.app */ = {isa = PBXFileReference; explicitFileType = wrapper.application; includeInIndex = 0; path = MeteoApp.app; sourceTree = BUILT_PRODUCTS_DIR; };
		2B9E6DF11EB5E95600707675 /* AppDelegate.swift */ = {isa = PBXFileReference; lastKnownFileType = sourcecode.swift; path = AppDelegate.swift; sourceTree = "<group>"; };
		2B9E6DF31EB5E95600707675 /* ViewController.swift */ = {isa = PBXFileReference; lastKnownFileType = sourcecode.swift; path = ViewController.swift; sourceTree = "<group>"; };
		2B9E6DF61EB5E95600707675 /* Base */ = {isa = PBXFileReference; lastKnownFileType = file.storyboard; name = Base; path = Base.lproj/Main.storyboard; sourceTree = "<group>"; };
		2B9E6DF81EB5E95600707675 /* Assets.xcassets */ = {isa = PBXFileReference; lastKnownFileType = folder.assetcatalog; path = Assets.xcassets; sourceTree = "<group>"; };
		2B9E6DFB1EB5E95600707675 /* Base */ = {isa = PBXFileReference; lastKnownFileType = file.storyboard; name = Base; path = Base.lproj/LaunchScreen.storyboard; sourceTree = "<group>"; };
		2B9E6DFD1EB5E95600707675 /* Info.plist */ = {isa = PBXFileReference; lastKnownFileType = text.plist.xml; path = Info.plist; sourceTree = "<group>"; };
		2B9E6E031EB5F0F400707675 /* MeteoCityController.swift */ = {isa = PBXFileReference; fileEncoding = 4; lastKnownFileType = sourcecode.swift; path = MeteoCityController.swift; sourceTree = "<group>"; };
/* End PBXFileReference section */

/* Begin PBXFrameworksBuildPhase section */
		2B9E6DEB1EB5E95600707675 /* Frameworks */ = {
			isa = PBXFrameworksBuildPhase;
			buildActionMask = 2147483647;
			files = (
			);
			runOnlyForDeploymentPostprocessing = 0;
		};
/* End PBXFrameworksBuildPhase section */

/* Begin PBXGroup section */
		2B9E6DE51EB5E95600707675 = {
			isa = PBXGroup;
			children = (
				2B9E6DF01EB5E95600707675 /* MeteoApp */,
				2B9E6DEF1EB5E95600707675 /* Products */,
			);
			sourceTree = "<group>";
		};
		2B9E6DEF1EB5E95600707675 /* Products */ = {
			isa = PBXGroup;
			children = (
				2B9E6DEE1EB5E95600707675 /* MeteoApp.app */,
			);
			name = Products;
			sourceTree = "<group>";
		};
		2B9E6DF01EB5E95600707675 /* MeteoApp */ = {
			isa = PBXGroup;
			children = (
				2B9E6DF11EB5E95600707675 /* AppDelegate.swift */,
				2B9E6DF31EB5E95600707675 /* ViewController.swift */,
				2B9E6DF51EB5E95600707675 /* Main.storyboard */,
				2B9E6DF81EB5E95600707675 /* Assets.xcassets */,
				2B9E6DFA1EB5E95600707675 /* LaunchScreen.storyboard */,
				2B9E6DFD1EB5E95600707675 /* Info.plist */,
				2B9E6E031EB5F0F400707675 /* MeteoCityController.swift */,
			);
			path = MeteoApp;
			sourceTree = "<group>";
		};
/* End PBXGroup section */

/* Begin PBXNativeTarget section */
		2B9E6DED1EB5E95600707675 /* MeteoApp */ = {
			isa = PBXNativeTarget;
			buildConfigurationList = 2B9E6E001EB5E95600707675 /* Build configuration list for PBXNativeTarget "MeteoApp" */;
			buildPhases = (
				2B9E6DEA1EB5E95600707675 /* Sources */,
				2B9E6DEB1EB5E95600707675 /* Frameworks */,
				2B9E6DEC1EB5E95600707675 /* Resources */,
			);
			buildRules = (
			);
			dependencies = (
			);
			name = MeteoApp;
			productName = MeteoApp;
			productReference = 2B9E6DEE1EB5E95600707675 /* MeteoApp.app */;
			productType = "com.apple.product-type.application";
		};
/* End PBXNativeTarget section */

/* Begin PBXProject section */
		2B9E6DE61EB5E95600707675 /* Project object */ = {
			isa = PBXProject;
			attributes = {
				LastSwiftUpdateCheck = 0810;
				LastUpgradeCheck = 0810;
				ORGANIZATIONNAME = "Julien Bremeersch";
				TargetAttributes = {
					2B9E6DED1EB5E95600707675 = {
						CreatedOnToolsVersion = 8.1;
						ProvisioningStyle = Automatic;
					};
				};
			};
			buildConfigurationList = 2B9E6DE91EB5E95600707675 /* Build configuration list for PBXProject "MeteoApp" */;
			compatibilityVersion = "Xcode 3.2";
			developmentRegion = English;
			hasScannedForEncodings = 0;
			knownRegions = (
				en,
				Base,
			);
			mainGroup = 2B9E6DE51EB5E95600707675;
			productRefGroup = 2B9E6DEF1EB5E95600707675 /* Products */;
			projectDirPath = "";
			projectRoot = "";
			targets = (
				2B9E6DED1EB5E95600707675 /* MeteoApp */,
			);
		};
/* End PBXProject section */

/* Begin PBXResourcesBuildPhase section */
		2B9E6DEC1EB5E95600707675 /* Resources */ = {
			isa = PBXResourcesBuildPhase;
			buildActionMask = 2147483647;
			files = (
				2B9E6DFC1EB5E95600707675 /* LaunchScreen.storyboard in Resources */,
				2B9E6DF91EB5E95600707675 /* Assets.xcassets in Resources */,
				2B9E6DF71EB5E95600707675 /* Main.storyboard in Resources */,
			);
			runOnlyForDeploymentPostprocessing = 0;
		};
/* End PBXResourcesBuildPhase section */

/* Begin PBXSourcesBuildPhase section */
		2B9E6DEA1EB5E95600707675 /* Sources */ = {
			isa = PBXSourcesBuildPhase;
			buildActionMask = 2147483647;
			files = (
				2B9E6DF41EB5E95600707675 /* ViewController.swift in Sources */,
				2B9E6E041EB5F0F400707675 /* MeteoCityController.swift in Sources */,
				2B9E6DF21EB5E95600707675 /* AppDelegate.swift in Sources */,
			);
			runOnlyForDeploymentPostprocessing = 0;
		};
/* End PBXSourcesBuildPhase section */

/* Begin PBXVariantGroup section */
		2B9E6DF51EB5E95600707675 /* Main.storyboard */ = {
			isa = PBXVariantGroup;
			children = (
				2B9E6DF61EB5E95600707675 /* Base */,
			);
			name = Main.storyboard;
			sourceTree = "<group>";
		};
		2B9E6DFA1EB5E95600707675 /* LaunchScreen.storyboard */ = {
			isa = PBXVariantGroup;
			children = (
				2B9E6DFB1EB5E95600707675 /* Base */,
			);
			name = LaunchScreen.storyboard;
			sourceTree = "<group>";
		};
/* End PBXVariantGroup section */

/* Begin XCBuildConfiguration section */
		2B9E6DFE1EB5E95600707675 /* Debug */ = {
			isa = XCBuildConfiguration;
			buildSettings = {
				ALWAYS_SEARCH_USER_PATHS = NO;
				CLANG_ANALYZER_NONNULL = YES;
				CLANG_CXX_LANGUAGE_STANDARD = "gnu++0x";
				CLANG_CXX_LIBRARY = "libc++";
				CLANG_ENABLE_MODULES = YES;
				CLANG_ENABLE_OBJC_ARC = YES;
				CLANG_WARN_BOOL_CONVERSION = YES;
				CLANG_WARN_CONSTANT_CONVERSION = YES;
				CLANG_WARN_DIRECT_OBJC_ISA_USAGE = YES_ERROR;
				CLANG_WARN_DOCUMENTATION_COMMENTS = YES;
				CLANG_WARN_EMPTY_BODY = YES;
				CLANG_WARN_ENUM_CONVERSION = YES;
				CLANG_WARN_INFINITE_RECURSION = YES;
				CLANG_WARN_INT_CONVERSION = YES;
				CLANG_WARN_OBJC_ROOT_CLASS = YES_ERROR;
				CLANG_WARN_SUSPICIOUS_MOVES = YES;
				CLANG_WARN_UNREACHABLE_CODE = YES;
				CLANG_WARN__DUPLICATE_METHOD_MATCH = YES;
				"CODE_SIGN_IDENTITY[sdk=iphoneos*]" = "iPhone Developer";
				COPY_PHASE_STRIP = NO;
				DEBUG_INFORMATION_FORMAT = dwarf;
				ENABLE_STRICT_OBJC_MSGSEND = YES;
				ENABLE_TESTABILITY = YES;
				GCC_C_LANGUAGE_STANDARD = gnu99;
				GCC_DYNAMIC_NO_PIC = NO;
				GCC_NO_COMMON_BLOCKS = YES;
				GCC_OPTIMIZATION_LEVEL = 0;
				GCC_PREPROCESSOR_DEFINITIONS = (
					"DEBUG=1",
					"$(inherited)",
				);
				GCC_WARN_64_TO_32_BIT_CONVERSION = YES;
				GCC_WARN_ABOUT_RETURN_TYPE = YES_ERROR;
				GCC_WARN_UNDECLARED_SELECTOR = YES;
				GCC_WARN_UNINITIALIZED_AUTOS = YES_AGGRESSIVE;
				GCC_WARN_UNUSED_FUNCTION = YES;
				GCC_WARN_UNUSED_VARIABLE = YES;
				IPHONEOS_DEPLOYMENT_TARGET = 10.1;
				MTL_ENABLE_DEBUG_INFO = YES;
				ONLY_ACTIVE_ARCH = YES;
				SDKROOT = iphoneos;
				SWIFT_ACTIVE_COMPILATION_CONDITIONS = DEBUG;
				SWIFT_OPTIMIZATION_LEVEL = "-Onone";
			};
			name = Debug;
		};
		2B9E6DFF1EB5E95600707675 /* Release */ = {
			isa = XCBuildConfiguration;
			buildSettings = {
				ALWAYS_SEARCH_USER_PATHS = NO;
				CLANG_ANALYZER_NONNULL = YES;
				CLANG_CXX_LANGUAGE_STANDARD = "gnu++0x";
				CLANG_CXX_LIBRARY = "libc++";
				CLANG_ENABLE_MODULES = YES;
				CLANG_ENABLE_OBJC_ARC = YES;
				CLANG_WARN_BOOL_CONVERSION = YES;
				CLANG_WARN_CONSTANT_CONVERSION = YES;
				CLANG_WARN_DIRECT_OBJC_ISA_USAGE = YES_ERROR;
				CLANG_WARN_DOCUMENTATION_COMMENTS = YES;
				CLANG_WARN_EMPTY_BODY = YES;
				CLANG_WARN_ENUM_CONVERSION = YES;
				CLANG_WARN_INFINITE_RECURSION = YES;
				CLANG_WARN_INT_CONVERSION = YES;
				CLANG_WARN_OBJC_ROOT_CLASS = YES_ERROR;
				CLANG_WARN_SUSPICIOUS_MOVES = YES;
				CLANG_WARN_UNREACHABLE_CODE = YES;
				CLANG_WARN__DUPLICATE_METHOD_MATCH = YES;
				"CODE_SIGN_IDENTITY[sdk=iphoneos*]" = "iPhone Developer";
				COPY_PHASE_STRIP = NO;
				DEBUG_INFORMATION_FORMAT = "dwarf-with-dsym";
				ENABLE_NS_ASSERTIONS = NO;
				ENABLE_STRICT_OBJC_MSGSEND = YES;
				GCC_C_LANGUAGE_STANDARD = gnu99;
				GCC_NO_COMMON_BLOCKS = YES;
				GCC_WARN_64_TO_32_BIT_CONVERSION = YES;
				GCC_WARN_ABOUT_RETURN_TYPE = YES_ERROR;
				GCC_WARN_UNDECLARED_SELECTOR = YES;
				GCC_WARN_UNINITIALIZED_AUTOS = YES_AGGRESSIVE;
				GCC_WARN_UNUSED_FUNCTION = YES;
				GCC_WARN_UNUSED_VARIABLE = YES;
				IPHONEOS_DEPLOYMENT_TARGET = 10.1;
				MTL_ENABLE_DEBUG_INFO = NO;
				SDKROOT = iphoneos;
				SWIFT_OPTIMIZATION_LEVEL = "-Owholemodule";
				VALIDATE_PRODUCT = YES;
			};
			name = Release;
		};
		2B9E6E011EB5E95600707675 /* Debug */ = {
			isa = XCBuildConfiguration;
			buildSettings = {
				ASSETCATALOG_COMPILER_APPICON_NAME = AppIcon;
				INFOPLIST_FILE = MeteoApp/Info.plist;
				LD_RUNPATH_SEARCH_PATHS = "$(inherited) @executable_path/Frameworks";
				PRODUCT_BUNDLE_IDENTIFIER = julienjul.MeteoApp;
				PRODUCT_NAME = "$(TARGET_NAME)";
				SWIFT_VERSION = 2.3;
			};
			name = Debug;
		};
		2B9E6E021EB5E95600707675 /* Release */ = {
			isa = XCBuildConfiguration;
			buildSettings = {
				ASSETCATALOG_COMPILER_APPICON_NAME = AppIcon;
				INFOPLIST_FILE = MeteoApp/Info.plist;
				LD_RUNPATH_SEARCH_PATHS = "$(inherited) @executable_path/Frameworks";
				PRODUCT_BUNDLE_IDENTIFIER = julienjul.MeteoApp;
				PRODUCT_NAME = "$(TARGET_NAME)";
				SWIFT_VERSION = 2.3;
			};
			name = Release;
		};
/* End XCBuildConfiguration section */

/* Begin XCConfigurationList section */
		2B9E6DE91EB5E95600707675 /* Build configuration list for PBXProject "MeteoApp" */ = {
			isa = XCConfigurationList;
			buildConfigurations = (
				2B9E6DFE1EB5E95600707675 /* Debug */,
				2B9E6DFF1EB5E95600707675 /* Release */,
			);
			defaultConfigurationIsVisible = 0;
			defaultConfigurationName = Release;
		};
		2B9E6E001EB5E95600707675 /* Build configuration list for PBXNativeTarget "MeteoApp" */ = {
			isa = XCConfigurationList;
			buildConfigurations = (
				2B9E6E011EB5E95600707675 /* Debug */,
				2B9E6E021EB5E95600707675 /* Release */,
			);
			defaultConfigurationIsVisible = 0;
		};
/* End XCConfigurationList section */
	};
	rootObject = 2B9E6DE61EB5E95600707675 /* Project object */;
}
